
Microsoft Visual Studio Solution File, Format Version 12.00
# Visual Studio Version 17
VisualStudioVersion = 17.2.32616.157
MinimumVisualStudioVersion = 10.0.40219.1
Project("{9A19103F-16F7-4668-BE54-9A1E7A4F7556}") = "UnitTestApp.Test", "UnitTestApp.Test\UnitTestApp.Test.csproj", "{539A7D69-05E9-4A78-B607-C2EF779BC77A}"
EndProject
Global
	GlobalSection(SolutionConfigurationPlatforms) = preSolution
		Debug|Any CPU = Debug|Any CPU
		Release|Any CPU = Release|Any CPU
	EndGlobalSection
	GlobalSection(ProjectConfigurationPlatforms) = postSolution
		{539A7D69-05E9-4A78-B607-C2EF779BC77A}.Debug|Any CPU.ActiveCfg = Debug|Any CPU
		{539A7D69-05E9-4A78-B607-C2EF779BC77A}.Debug|Any CPU.Build.0 = Debug|Any CPU
		{539A7D69-05E9-4A78-B607-C2EF779BC77A}.Release|Any CPU.ActiveCfg = Release|Any CPU
		{539A7D69-05E9-4A78-B607-C2EF779BC77A}.Release|Any CPU.Build.0 = Release|Any CPU
	EndGlobalSection
	GlobalSection(SolutionProperties) = preSolution
		HideSolutionNode = FALSE
	EndGlobalSection
	GlobalSection(ExtensibilityGlobals) = postSolution
		SolutionGuid = {6E8FB314-DBD8-44EC-A936-359BC9221D81}
	EndGlobalSection
EndGlobal
